
Microsoft Visual Studio Solution File, Format Version 12.00
# Visual Studio Version 16
VisualStudioVersion = 16.0.30204.135
MinimumVisualStudioVersion = 10.0.40219.1
Project("{9A19103F-16F7-4668-BE54-9A1E7A4F7556}") = "WebApi", "WebApi\WebApi.csproj", "{2B7D5C0F-E561-4A6A-91BB-4367B42E53CB}"
EndProject
Global
	GlobalSection(SolutionConfigurationPlatforms) = preSolution
		Debug|Any CPU = Debug|Any CPU
		Release|Any CPU = Release|Any CPU
	EndGlobalSection
	GlobalSection(ProjectConfigurationPlatforms) = postSolution
		{2B7D5C0F-E561-4A6A-91BB-4367B42E53CB}.Debug|Any CPU.ActiveCfg = Debug|Any CPU
		{2B7D5C0F-E561-4A6A-91BB-4367B42E53CB}.Debug|Any CPU.Build.0 = Debug|Any CPU
		{2B7D5C0F-E561-4A6A-91BB-4367B42E53CB}.Release|Any CPU.ActiveCfg = Release|Any CPU
		{2B7D5C0F-E561-4A6A-91BB-4367B42E53CB}.Release|Any CPU.Build.0 = Release|Any CPU
	EndGlobalSection
	GlobalSection(SolutionProperties) = preSolution
		HideSolutionNode = FALSE
	EndGlobalSection
	GlobalSection(ExtensibilityGlobals) = postSolution
		SolutionGuid = {56CEFBC1-CFE7-43B5-96AC-7F09A26EE907}
	EndGlobalSection
EndGlobal
